
Microsoft Visual Studio Solution File, Format Version 12.00
# Visual Studio Version 17
VisualStudioVersion = 17.4.33403.182
MinimumVisualStudioVersion = 10.0.40219.1
Project("{FAE04EC0-301F-11D3-BF4B-00C04F79EFBC}") = "Banking Application", "Banking Application\Banking Application.csproj", "{8BB858CE-2F62-45F3-A0EE-C68049190540}"
EndProject
Global
	GlobalSection(SolutionConfigurationPlatforms) = preSolution
		Debug|Any CPU = Debug|Any CPU
		Release|Any CPU = Release|Any CPU
	EndGlobalSection
	GlobalSection(ProjectConfigurationPlatforms) = postSolution
		{8BB858CE-2F62-45F3-A0EE-C68049190540}.Debug|Any CPU.ActiveCfg = Debug|Any CPU
		{8BB858CE-2F62-45F3-A0EE-C68049190540}.Debug|Any CPU.Build.0 = Debug|Any CPU
		{8BB858CE-2F62-45F3-A0EE-C68049190540}.Release|Any CPU.ActiveCfg = Release|Any CPU
		{8BB858CE-2F62-45F3-A0EE-C68049190540}.Release|Any CPU.Build.0 = Release|Any CPU
	EndGlobalSection
	GlobalSection(SolutionProperties) = preSolution
		HideSolutionNode = FALSE
	EndGlobalSection
	GlobalSection(ExtensibilityGlobals) = postSolution
		SolutionGuid = {CBCCB88D-9BCF-4059-8135-B8A1A241B1D8}
	EndGlobalSection
EndGlobal
